// !$*UTF8*$!
{
	archiveVersion = 1;
	classes = {
	};
	objectVersion = 48;
	objects = {

/* Begin PBXBuildFile section */
		C67AC6991FC2CA92001AEC51 /* AppDelegate.m in Sources */ = {isa = PBXBuildFile; fileRef = C67AC6981FC2CA92001AEC51 /* AppDelegate.m */; };
		C67AC69C1FC2CA92001AEC51 /* ViewController.m in Sources */ = {isa = PBXBuildFile; fileRef = C67AC69B1FC2CA92001AEC51 /* ViewController.m */; };
		C67AC69F1FC2CA92001AEC51 /* Main.storyboard in Resources */ = {isa = PBXBuildFile; fileRef = C67AC69D1FC2CA92001AEC51 /* Main.storyboard */; };
		C67AC6A11FC2CA92001AEC51 /* Assets.xcassets in Resources */ = {isa = PBXBuildFile; fileRef = C67AC6A01FC2CA92001AEC51 /* Assets.xcassets */; };
		C67AC6A41FC2CA92001AEC51 /* LaunchScreen.storyboard in Resources */ = {isa = PBXBuildFile; fileRef = C67AC6A21FC2CA92001AEC51 /* LaunchScreen.storyboard */; };
		C67AC6A71FC2CA92001AEC51 /* main.m in Sources */ = {isa = PBXBuildFile; fileRef = C67AC6A61FC2CA92001AEC51 /* main.m */; };
		C67AC6B11FC2CA92001AEC51 /* USMessageTests.m in Sources */ = {isa = PBXBuildFile; fileRef = C67AC6B01FC2CA92001AEC51 /* USMessageTests.m */; };
		C67AC6BC1FC2CA93001AEC51 /* USMessageUITests.m in Sources */ = {isa = PBXBuildFile; fileRef = C67AC6BB1FC2CA93001AEC51 /* USMessageUITests.m */; };
/* End PBXBuildFile section */

/* Begin PBXContainerItemProxy section */
		C67AC6AD1FC2CA92001AEC51 /* PBXContainerItemProxy */ = {
			isa = PBXContainerItemProxy;
			containerPortal = C67AC68C1FC2CA92001AEC51 /* Project object */;
			proxyType = 1;
			remoteGlobalIDString = C67AC6931FC2CA92001AEC51;
			remoteInfo = USMessage;
		};
		C67AC6B81FC2CA93001AEC51 /* PBXContainerItemProxy */ = {
			isa = PBXContainerItemProxy;
			containerPortal = C67AC68C1FC2CA92001AEC51 /* Project object */;
			proxyType = 1;
			remoteGlobalIDString = C67AC6931FC2CA92001AEC51;
			remoteInfo = USMessage;
		};
/* End PBXContainerItemProxy section */

/* Begin PBXFileReference section */
		C67AC6941FC2CA92001AEC51 /* USMessage.app */ = {isa = PBXFileReference; explicitFileType = wrapper.application; includeInIndex = 0; path = USMessage.app; sourceTree = BUILT_PRODUCTS_DIR; };
		C67AC6971FC2CA92001AEC51 /* AppDelegate.h */ = {isa = PBXFileReference; lastKnownFileType = sourcecode.c.h; path = AppDelegate.h; sourceTree = "<group>"; };
		C67AC6981FC2CA92001AEC51 /* AppDelegate.m */ = {isa = PBXFileReference; lastKnownFileType = sourcecode.c.objc; path = AppDelegate.m; sourceTree = "<group>"; };
		C67AC69A1FC2CA92001AEC51 /* ViewController.h */ = {isa = PBXFileReference; lastKnownFileType = sourcecode.c.h; path = ViewController.h; sourceTree = "<group>"; };
		C67AC69B1FC2CA92001AEC51 /* ViewController.m */ = {isa = PBXFileReference; lastKnownFileType = sourcecode.c.objc; path = ViewController.m; sourceTree = "<group>"; };
		C67AC69E1FC2CA92001AEC51 /* Base */ = {isa = PBXFileReference; lastKnownFileType = file.storyboard; name = Base; path = Base.lproj/Main.storyboard; sourceTree = "<group>"; };
		C67AC6A01FC2CA92001AEC51 /* Assets.xcassets */ = {isa = PBXFileReference; lastKnownFileType = folder.assetcatalog; path = Assets.xcassets; sourceTree = "<group>"; };
		C67AC6A31FC2CA92001AEC51 /* Base */ = {isa = PBXFileReference; lastKnownFileType = file.storyboard; name = Base; path = Base.lproj/LaunchScreen.storyboard; sourceTree = "<group>"; };
		C67AC6A51FC2CA92001AEC51 /* Info.plist */ = {isa = PBXFileReference; lastKnownFileType = text.plist.xml; path = Info.plist; sourceTree = "<group>"; };
		C67AC6A61FC2CA92001AEC51 /* main.m */ = {isa = PBXFileReference; lastKnownFileType = sourcecode.c.objc; path = main.m; sourceTree = "<group>"; };
		C67AC6AC1FC2CA92001AEC51 /* USMessageTests.xctest */ = {isa = PBXFileReference; explicitFileType = wrapper.cfbundle; includeInIndex = 0; path = USMessageTests.xctest; sourceTree = BUILT_PRODUCTS_DIR; };
		C67AC6B01FC2CA92001AEC51 /* USMessageTests.m */ = {isa = PBXFileReference; lastKnownFileType = sourcecode.c.objc; path = USMessageTests.m; sourceTree = "<group>"; };
		C67AC6B21FC2CA92001AEC51 /* Info.plist */ = {isa = PBXFileReference; lastKnownFileType = text.plist.xml; path = Info.plist; sourceTree = "<group>"; };
		C67AC6B71FC2CA93001AEC51 /* USMessageUITests.xctest */ = {isa = PBXFileReference; explicitFileType = wrapper.cfbundle; includeInIndex = 0; path = USMessageUITests.xctest; sourceTree = BUILT_PRODUCTS_DIR; };
		C67AC6BB1FC2CA93001AEC51 /* USMessageUITests.m */ = {isa = PBXFileReference; lastKnownFileType = sourcecode.c.objc; path = USMessageUITests.m; sourceTree = "<group>"; };
		C67AC6BD1FC2CA93001AEC51 /* Info.plist */ = {isa = PBXFileReference; lastKnownFileType = text.plist.xml; path = Info.plist; sourceTree = "<group>"; };
/* End PBXFileReference section */

/* Begin PBXFrameworksBuildPhase section */
		C67AC6911FC2CA92001AEC51 /* Frameworks */ = {
			isa = PBXFrameworksBuildPhase;
			buildActionMask = 2147483647;
			files = (
			);
			runOnlyForDeploymentPostprocessing = 0;
		};
		C67AC6A91FC2CA92001AEC51 /* Frameworks */ = {
			isa = PBXFrameworksBuildPhase;
			buildActionMask = 2147483647;
			files = (
			);
			runOnlyForDeploymentPostprocessing = 0;
		};
		C67AC6B41FC2CA93001AEC51 /* Frameworks */ = {
			isa = PBXFrameworksBuildPhase;
			buildActionMask = 2147483647;
			files = (
			);
			runOnlyForDeploymentPostprocessing = 0;
		};
/* End PBXFrameworksBuildPhase section */

/* Begin PBXGroup section */
		C67AC68B1FC2CA92001AEC51 = {
			isa = PBXGroup;
			children = (
				C67AC6961FC2CA92001AEC51 /* USMessage */,
				C67AC6AF1FC2CA92001AEC51 /* USMessageTests */,
				C67AC6BA1FC2CA93001AEC51 /* USMessageUITests */,
				C67AC6951FC2CA92001AEC51 /* Products */,
			);
			sourceTree = "<group>";
		};
		C67AC6951FC2CA92001AEC51 /* Products */ = {
			isa = PBXGroup;
			children = (
				C67AC6941FC2CA92001AEC51 /* USMessage.app */,
				C67AC6AC1FC2CA92001AEC51 /* USMessageTests.xctest */,
				C67AC6B71FC2CA93001AEC51 /* USMessageUITests.xctest */,
			);
			name = Products;
			sourceTree = "<group>";
		};
		C67AC6961FC2CA92001AEC51 /* USMessage */ = {
			isa = PBXGroup;
			children = (
				C67AC6971FC2CA92001AEC51 /* AppDelegate.h */,
				C67AC6981FC2CA92001AEC51 /* AppDelegate.m */,
				C67AC69A1FC2CA92001AEC51 /* ViewController.h */,
				C67AC69B1FC2CA92001AEC51 /* ViewController.m */,
				C67AC69D1FC2CA92001AEC51 /* Main.storyboard */,
				C67AC6A01FC2CA92001AEC51 /* Assets.xcassets */,
				C67AC6A21FC2CA92001AEC51 /* LaunchScreen.storyboard */,
				C67AC6A51FC2CA92001AEC51 /* Info.plist */,
				C67AC6A61FC2CA92001AEC51 /* main.m */,
			);
			path = USMessage;
			sourceTree = "<group>";
		};
		C67AC6AF1FC2CA92001AEC51 /* USMessageTests */ = {
			isa = PBXGroup;
			children = (
				C67AC6B01FC2CA92001AEC51 /* USMessageTests.m */,
				C67AC6B21FC2CA92001AEC51 /* Info.plist */,
			);
			path = USMessageTests;
			sourceTree = "<group>";
		};
		C67AC6BA1FC2CA93001AEC51 /* USMessageUITests */ = {
			isa = PBXGroup;
			children = (
				C67AC6BB1FC2CA93001AEC51 /* USMessageUITests.m */,
				C67AC6BD1FC2CA93001AEC51 /* Info.plist */,
			);
			path = USMessageUITests;
			sourceTree = "<group>";
		};
/* End PBXGroup section */

/* Begin PBXNativeTarget section */
		C67AC6931FC2CA92001AEC51 /* USMessage */ = {
			isa = PBXNativeTarget;
			buildConfigurationList = C67AC6C01FC2CA93001AEC51 /* Build configuration list for PBXNativeTarget "USMessage" */;
			buildPhases = (
				C67AC6901FC2CA92001AEC51 /* Sources */,
				C67AC6911FC2CA92001AEC51 /* Frameworks */,
				C67AC6921FC2CA92001AEC51 /* Resources */,
			);
			buildRules = (
			);
			dependencies = (
			);
			name = USMessage;
			productName = USMessage;
			productReference = C67AC6941FC2CA92001AEC51 /* USMessage.app */;
			productType = "com.apple.product-type.application";
		};
		C67AC6AB1FC2CA92001AEC51 /* USMessageTests */ = {
			isa = PBXNativeTarget;
			buildConfigurationList = C67AC6C31FC2CA93001AEC51 /* Build configuration list for PBXNativeTarget "USMessageTests" */;
			buildPhases = (
				C67AC6A81FC2CA92001AEC51 /* Sources */,
				C67AC6A91FC2CA92001AEC51 /* Frameworks */,
				C67AC6AA1FC2CA92001AEC51 /* Resources */,
			);
			buildRules = (
			);
			dependencies = (
				C67AC6AE1FC2CA92001AEC51 /* PBXTargetDependency */,
			);
			name = USMessageTests;
			productName = USMessageTests;
			productReference = C67AC6AC1FC2CA92001AEC51 /* USMessageTests.xctest */;
			productType = "com.apple.product-type.bundle.unit-test";
		};
		C67AC6B61FC2CA93001AEC51 /* USMessageUITests */ = {
			isa = PBXNativeTarget;
			buildConfigurationList = C67AC6C61FC2CA93001AEC51 /* Build configuration list for PBXNativeTarget "USMessageUITests" */;
			buildPhases = (
				C67AC6B31FC2CA93001AEC51 /* Sources */,
				C67AC6B41FC2CA93001AEC51 /* Frameworks */,
				C67AC6B51FC2CA93001AEC51 /* Resources */,
			);
			buildRules = (
			);
			dependencies = (
				C67AC6B91FC2CA93001AEC51 /* PBXTargetDependency */,
			);
			name = USMessageUITests;
			productName = USMessageUITests;
			productReference = C67AC6B71FC2CA93001AEC51 /* USMessageUITests.xctest */;
			productType = "com.apple.product-type.bundle.ui-testing";
		};
/* End PBXNativeTarget section */

/* Begin PBXProject section */
		C67AC68C1FC2CA92001AEC51 /* Project object */ = {
			isa = PBXProject;
			attributes = {
				LastUpgradeCheck = 0910;
				ORGANIZATIONNAME = "Hoang Thuan";
				TargetAttributes = {
					C67AC6931FC2CA92001AEC51 = {
						CreatedOnToolsVersion = 9.1;
						ProvisioningStyle = Automatic;
					};
					C67AC6AB1FC2CA92001AEC51 = {
						CreatedOnToolsVersion = 9.1;
						ProvisioningStyle = Automatic;
						TestTargetID = C67AC6931FC2CA92001AEC51;
					};
					C67AC6B61FC2CA93001AEC51 = {
						CreatedOnToolsVersion = 9.1;
						ProvisioningStyle = Automatic;
						TestTargetID = C67AC6931FC2CA92001AEC51;
					};
				};
			};
			buildConfigurationList = C67AC68F1FC2CA92001AEC51 /* Build configuration list for PBXProject "USMessage" */;
			compatibilityVersion = "Xcode 8.0";
			developmentRegion = en;
			hasScannedForEncodings = 0;
			knownRegions = (
				en,
				Base,
			);
			mainGroup = C67AC68B1FC2CA92001AEC51;
			productRefGroup = C67AC6951FC2CA92001AEC51 /* Products */;
			projectDirPath = "";
			projectRoot = "";
			targets = (
				C67AC6931FC2CA92001AEC51 /* USMessage */,
				C67AC6AB1FC2CA92001AEC51 /* USMessageTests */,
				C67AC6B61FC2CA93001AEC51 /* USMessageUITests */,
			);
		};
/* End PBXProject section */

/* Begin PBXResourcesBuildPhase section */
		C67AC6921FC2CA92001AEC51 /* Resources */ = {
			isa = PBXResourcesBuildPhase;
			buildActionMask = 2147483647;
			files = (
				C67AC6A41FC2CA92001AEC51 /* LaunchScreen.storyboard in Resources */,
				C67AC6A11FC2CA92001AEC51 /* Assets.xcassets in Resources */,
				C67AC69F1FC2CA92001AEC51 /* Main.storyboard in Resources */,
			);
			runOnlyForDeploymentPostprocessing = 0;
		};
		C67AC6AA1FC2CA92001AEC51 /* Resources */ = {
			isa = PBXResourcesBuildPhase;
			buildActionMask = 2147483647;
			files = (
			);
			runOnlyForDeploymentPostprocessing = 0;
		};
		C67AC6B51FC2CA93001AEC51 /* Resources */ = {
			isa = PBXResourcesBuildPhase;
			buildActionMask = 2147483647;
			files = (
			);
			runOnlyForDeploymentPostprocessing = 0;
		};
/* End PBXResourcesBuildPhase section */

/* Begin PBXSourcesBuildPhase section */
		C67AC6901FC2CA92001AEC51 /* Sources */ = {
			isa = PBXSourcesBuildPhase;
			buildActionMask = 2147483647;
			files = (
				C67AC69C1FC2CA92001AEC51 /* ViewController.m in Sources */,
				C67AC6A71FC2CA92001AEC51 /* main.m in Sources */,
				C67AC6991FC2CA92001AEC51 /* AppDelegate.m in Sources */,
			);
			runOnlyForDeploymentPostprocessing = 0;
		};
		C67AC6A81FC2CA92001AEC51 /* Sources */ = {
			isa = PBXSourcesBuildPhase;
			buildActionMask = 2147483647;
			files = (
				C67AC6B11FC2CA92001AEC51 /* USMessageTests.m in Sources */,
			);
			runOnlyForDeploymentPostprocessing = 0;
		};
		C67AC6B31FC2CA93001AEC51 /* Sources */ = {
			isa = PBXSourcesBuildPhase;
			buildActionMask = 2147483647;
			files = (
				C67AC6BC1FC2CA93001AEC51 /* USMessageUITests.m in Sources */,
			);
			runOnlyForDeploymentPostprocessing = 0;
		};
/* End PBXSourcesBuildPhase section */

/* Begin PBXTargetDependency section */
		C67AC6AE1FC2CA92001AEC51 /* PBXTargetDependency */ = {
			isa = PBXTargetDependency;
			target = C67AC6931FC2CA92001AEC51 /* USMessage */;
			targetProxy = C67AC6AD1FC2CA92001AEC51 /* PBXContainerItemProxy */;
		};
		C67AC6B91FC2CA93001AEC51 /* PBXTargetDependency */ = {
			isa = PBXTargetDependency;
			target = C67AC6931FC2CA92001AEC51 /* USMessage */;
			targetProxy = C67AC6B81FC2CA93001AEC51 /* PBXContainerItemProxy */;
		};
/* End PBXTargetDependency section */

/* Begin PBXVariantGroup section */
		C67AC69D1FC2CA92001AEC51 /* Main.storyboard */ = {
			isa = PBXVariantGroup;
			children = (
				C67AC69E1FC2CA92001AEC51 /* Base */,
			);
			name = Main.storyboard;
			sourceTree = "<group>";
		};
		C67AC6A21FC2CA92001AEC51 /* LaunchScreen.storyboard */ = {
			isa = PBXVariantGroup;
			children = (
				C67AC6A31FC2CA92001AEC51 /* Base */,
			);
			name = LaunchScreen.storyboard;
			sourceTree = "<group>";
		};
/* End PBXVariantGroup section */

/* Begin XCBuildConfiguration section */
		C67AC6BE1FC2CA93001AEC51 /* Debug */ = {
			isa = XCBuildConfiguration;
			buildSettings = {
				ALWAYS_SEARCH_USER_PATHS = NO;
				CLANG_ANALYZER_NONNULL = YES;
				CLANG_ANALYZER_NUMBER_OBJECT_CONVERSION = YES_AGGRESSIVE;
				CLANG_CXX_LANGUAGE_STANDARD = "gnu++14";
				CLANG_CXX_LIBRARY = "libc++";
				CLANG_ENABLE_MODULES = YES;
				CLANG_ENABLE_OBJC_ARC = YES;
				CLANG_WARN_BLOCK_CAPTURE_AUTORELEASING = YES;
				CLANG_WARN_BOOL_CONVERSION = YES;
				CLANG_WARN_COMMA = YES;
				CLANG_WARN_CONSTANT_CONVERSION = YES;
				CLANG_WARN_DIRECT_OBJC_ISA_USAGE = YES_ERROR;
				CLANG_WARN_DOCUMENTATION_COMMENTS = YES;
				CLANG_WARN_EMPTY_BODY = YES;
				CLANG_WARN_ENUM_CONVERSION = YES;
				CLANG_WARN_INFINITE_RECURSION = YES;
				CLANG_WARN_INT_CONVERSION = YES;
				CLANG_WARN_NON_LITERAL_NULL_CONVERSION = YES;
				CLANG_WARN_OBJC_LITERAL_CONVERSION = YES;
				CLANG_WARN_OBJC_ROOT_CLASS = YES_ERROR;
				CLANG_WARN_RANGE_LOOP_ANALYSIS = YES;
				CLANG_WARN_STRICT_PROTOTYPES = YES;
				CLANG_WARN_SUSPICIOUS_MOVE = YES;
				CLANG_WARN_UNGUARDED_AVAILABILITY = YES_AGGRESSIVE;
				CLANG_WARN_UNREACHABLE_CODE = YES;
				CLANG_WARN__DUPLICATE_METHOD_MATCH = YES;
				CODE_SIGN_IDENTITY = "iPhone Developer";
				COPY_PHASE_STRIP = NO;
				DEBUG_INFORMATION_FORMAT = dwarf;
				ENABLE_STRICT_OBJC_MSGSEND = YES;
				ENABLE_TESTABILITY = YES;
				GCC_C_LANGUAGE_STANDARD = gnu11;
				GCC_DYNAMIC_NO_PIC = NO;
				GCC_NO_COMMON_BLOCKS = YES;
				GCC_OPTIMIZATION_LEVEL = 0;
				GCC_PREPROCESSOR_DEFINITIONS = (
					"DEBUG=1",
					"$(inherited)",
				);
				GCC_WARN_64_TO_32_BIT_CONVERSION = YES;
				GCC_WARN_ABOUT_RETURN_TYPE = YES_ERROR;
				GCC_WARN_UNDECLARED_SELECTOR = YES;
				GCC_WARN_UNINITIALIZED_AUTOS = YES_AGGRESSIVE;
				GCC_WARN_UNUSED_FUNCTION = YES;
				GCC_WARN_UNUSED_VARIABLE = YES;
				IPHONEOS_DEPLOYMENT_TARGET = 11.1;
				MTL_ENABLE_DEBUG_INFO = YES;
				ONLY_ACTIVE_ARCH = YES;
				SDKROOT = iphoneos;
			};
			name = Debug;
		};
		C67AC6BF1FC2CA93001AEC51 /* Release */ = {
			isa = XCBuildConfiguration;
			buildSettings = {
				ALWAYS_SEARCH_USER_PATHS = NO;
				CLANG_ANALYZER_NONNULL = YES;
				CLANG_ANALYZER_NUMBER_OBJECT_CONVERSION = YES_AGGRESSIVE;
				CLANG_CXX_LANGUAGE_STANDARD = "gnu++14";
				CLANG_CXX_LIBRARY = "libc++";
				CLANG_ENABLE_MODULES = YES;
				CLANG_ENABLE_OBJC_ARC = YES;
				CLANG_WARN_BLOCK_CAPTURE_AUTORELEASING = YES;
				CLANG_WARN_BOOL_CONVERSION = YES;
				CLANG_WARN_COMMA = YES;
				CLANG_WARN_CONSTANT_CONVERSION = YES;
				CLANG_WARN_DIRECT_OBJC_ISA_USAGE = YES_ERROR;
				CLANG_WARN_DOCUMENTATION_COMMENTS = YES;
				CLANG_WARN_EMPTY_BODY = YES;
				CLANG_WARN_ENUM_CONVERSION = YES;
				CLANG_WARN_INFINITE_RECURSION = YES;
				CLANG_WARN_INT_CONVERSION = YES;
				CLANG_WARN_NON_LITERAL_NULL_CONVERSION = YES;
				CLANG_WARN_OBJC_LITERAL_CONVERSION = YES;
				CLANG_WARN_OBJC_ROOT_CLASS = YES_ERROR;
				CLANG_WARN_RANGE_LOOP_ANALYSIS = YES;
				CLANG_WARN_STRICT_PROTOTYPES = YES;
				CLANG_WARN_SUSPICIOUS_MOVE = YES;
				CLANG_WARN_UNGUARDED_AVAILABILITY = YES_AGGRESSIVE;
				CLANG_WARN_UNREACHABLE_CODE = YES;
				CLANG_WARN__DUPLICATE_METHOD_MATCH = YES;
				CODE_SIGN_IDENTITY = "iPhone Developer";
				COPY_PHASE_STRIP = NO;
				DEBUG_INFORMATION_FORMAT = "dwarf-with-dsym";
				ENABLE_NS_ASSERTIONS = NO;
				ENABLE_STRICT_OBJC_MSGSEND = YES;
				GCC_C_LANGUAGE_STANDARD = gnu11;
				GCC_NO_COMMON_BLOCKS = YES;
				GCC_WARN_64_TO_32_BIT_CONVERSION = YES;
				GCC_WARN_ABOUT_RETURN_TYPE = YES_ERROR;
				GCC_WARN_UNDECLARED_SELECTOR = YES;
				GCC_WARN_UNINITIALIZED_AUTOS = YES_AGGRESSIVE;
				GCC_WARN_UNUSED_FUNCTION = YES;
				GCC_WARN_UNUSED_VARIABLE = YES;
				IPHONEOS_DEPLOYMENT_TARGET = 11.1;
				MTL_ENABLE_DEBUG_INFO = NO;
				SDKROOT = iphoneos;
				VALIDATE_PRODUCT = YES;
			};
			name = Release;
		};
		C67AC6C11FC2CA93001AEC51 /* Debug */ = {
			isa = XCBuildConfiguration;
			buildSettings = {
				ASSETCATALOG_COMPILER_APPICON_NAME = AppIcon;
				CODE_SIGN_STYLE = Automatic;
				INFOPLIST_FILE = USMessage/Info.plist;
				LD_RUNPATH_SEARCH_PATHS = "$(inherited) @executable_path/Frameworks";
				PRODUCT_BUNDLE_IDENTIFIER = com.vng.live.USMessage;
				PRODUCT_NAME = "$(TARGET_NAME)";
				TARGETED_DEVICE_FAMILY = "1,2";
			};
			name = Debug;
		};
		C67AC6C21FC2CA93001AEC51 /* Release */ = {
			isa = XCBuildConfiguration;
			buildSettings = {
				ASSETCATALOG_COMPILER_APPICON_NAME = AppIcon;
				CODE_SIGN_STYLE = Automatic;
				INFOPLIST_FILE = USMessage/Info.plist;
				LD_RUNPATH_SEARCH_PATHS = "$(inherited) @executable_path/Frameworks";
				PRODUCT_BUNDLE_IDENTIFIER = com.vng.live.USMessage;
				PRODUCT_NAME = "$(TARGET_NAME)";
				TARGETED_DEVICE_FAMILY = "1,2";
			};
			name = Release;
		};
		C67AC6C41FC2CA93001AEC51 /* Debug */ = {
			isa = XCBuildConfiguration;
			buildSettings = {
				BUNDLE_LOADER = "$(TEST_HOST)";
				CODE_SIGN_STYLE = Automatic;
				INFOPLIST_FILE = USMessageTests/Info.plist;
				LD_RUNPATH_SEARCH_PATHS = "$(inherited) @executable_path/Frameworks @loader_path/Frameworks";
				PRODUCT_BUNDLE_IDENTIFIER = com.vng.live.USMessageTests;
				PRODUCT_NAME = "$(TARGET_NAME)";
				TARGETED_DEVICE_FAMILY = "1,2";
				TEST_HOST = "$(BUILT_PRODUCTS_DIR)/USMessage.app/USMessage";
			};
			name = Debug;
		};
		C67AC6C51FC2CA93001AEC51 /* Release */ = {
			isa = XCBuildConfiguration;
			buildSettings = {
				BUNDLE_LOADER = "$(TEST_HOST)";
				CODE_SIGN_STYLE = Automatic;
				INFOPLIST_FILE = USMessageTests/Info.plist;
				LD_RUNPATH_SEARCH_PATHS = "$(inherited) @executable_path/Frameworks @loader_path/Frameworks";
				PRODUCT_BUNDLE_IDENTIFIER = com.vng.live.USMessageTests;
				PRODUCT_NAME = "$(TARGET_NAME)";
				TARGETED_DEVICE_FAMILY = "1,2";
				TEST_HOST = "$(BUILT_PRODUCTS_DIR)/USMessage.app/USMessage";
			};
			name = Release;
		};
		C67AC6C71FC2CA93001AEC51 /* Debug */ = {
			isa = XCBuildConfiguration;
			buildSettings = {
				CODE_SIGN_STYLE = Automatic;
				INFOPLIST_FILE = USMessageUITests/Info.plist;
				LD_RUNPATH_SEARCH_PATHS = "$(inherited) @executable_path/Frameworks @loader_path/Frameworks";
				PRODUCT_BUNDLE_IDENTIFIER = com.vng.live.USMessageUITests;
				PRODUCT_NAME = "$(TARGET_NAME)";
				TARGETED_DEVICE_FAMILY = "1,2";
				TEST_TARGET_NAME = USMessage;
			};
			name = Debug;
		};
		C67AC6C81FC2CA93001AEC51 /* Release */ = {
			isa = XCBuildConfiguration;
			buildSettings = {
				CODE_SIGN_STYLE = Automatic;
				INFOPLIST_FILE = USMessageUITests/Info.plist;
				LD_RUNPATH_SEARCH_PATHS = "$(inherited) @executable_path/Frameworks @loader_path/Frameworks";
				PRODUCT_BUNDLE_IDENTIFIER = com.vng.live.USMessageUITests;
				PRODUCT_NAME = "$(TARGET_NAME)";
				TARGETED_DEVICE_FAMILY = "1,2";
				TEST_TARGET_NAME = USMessage;
			};
			name = Release;
		};
/* End XCBuildConfiguration section */

/* Begin XCConfigurationList section */
		C67AC68F1FC2CA92001AEC51 /* Build configuration list for PBXProject "USMessage" */ = {
			isa = XCConfigurationList;
			buildConfigurations = (
				C67AC6BE1FC2CA93001AEC51 /* Debug */,
				C67AC6BF1FC2CA93001AEC51 /* Release */,
			);
			defaultConfigurationIsVisible = 0;
			defaultConfigurationName = Release;
		};
		C67AC6C01FC2CA93001AEC51 /* Build configuration list for PBXNativeTarget "USMessage" */ = {
			isa = XCConfigurationList;
			buildConfigurations = (
				C67AC6C11FC2CA93001AEC51 /* Debug */,
				C67AC6C21FC2CA93001AEC51 /* Release */,
			);
			defaultConfigurationIsVisible = 0;
			defaultConfigurationName = Release;
		};
		C67AC6C31FC2CA93001AEC51 /* Build configuration list for PBXNativeTarget "USMessageTests" */ = {
			isa = XCConfigurationList;
			buildConfigurations = (
				C67AC6C41FC2CA93001AEC51 /* Debug */,
				C67AC6C51FC2CA93001AEC51 /* Release */,
			);
			defaultConfigurationIsVisible = 0;
			defaultConfigurationName = Release;
		};
		C67AC6C61FC2CA93001AEC51 /* Build configuration list for PBXNativeTarget "USMessageUITests" */ = {
			isa = XCConfigurationList;
			buildConfigurations = (
				C67AC6C71FC2CA93001AEC51 /* Debug */,
				C67AC6C81FC2CA93001AEC51 /* Release */,
			);
			defaultConfigurationIsVisible = 0;
			defaultConfigurationName = Release;
		};
/* End XCConfigurationList section */
	};
	rootObject = C67AC68C1FC2CA92001AEC51 /* Project object */;
}
